
Microsoft Visual Studio Solution File, Format Version 12.00
Project("{FAE04EC0-301F-11D3-BF4B-00C04F79EFBC}") = "automapper", "automapper\automapper.csproj", "{88B9D3FA-27C7-4D98-819B-E2C11CD79AA9}"
EndProject
Project("{FAE04EC0-301F-11D3-BF4B-00C04F79EFBC}") = "automapper-unit-tests", "automapper-unit-tests\automapper-unit-tests.csproj", "{C5514B08-98AE-4238-AA3F-0BFF954C7612}"
EndProject
Global
	GlobalSection(SolutionConfigurationPlatforms) = preSolution
		Debug|Any CPU = Debug|Any CPU
		Release|Any CPU = Release|Any CPU
	EndGlobalSection
	GlobalSection(ProjectConfigurationPlatforms) = postSolution
		{88B9D3FA-27C7-4D98-819B-E2C11CD79AA9}.Debug|Any CPU.ActiveCfg = Debug|Any CPU
		{88B9D3FA-27C7-4D98-819B-E2C11CD79AA9}.Debug|Any CPU.Build.0 = Debug|Any CPU
		{88B9D3FA-27C7-4D98-819B-E2C11CD79AA9}.Release|Any CPU.ActiveCfg = Release|Any CPU
		{88B9D3FA-27C7-4D98-819B-E2C11CD79AA9}.Release|Any CPU.Build.0 = Release|Any CPU
		{C5514B08-98AE-4238-AA3F-0BFF954C7612}.Debug|Any CPU.ActiveCfg = Debug|Any CPU
		{C5514B08-98AE-4238-AA3F-0BFF954C7612}.Debug|Any CPU.Build.0 = Debug|Any CPU
		{C5514B08-98AE-4238-AA3F-0BFF954C7612}.Release|Any CPU.ActiveCfg = Release|Any CPU
		{C5514B08-98AE-4238-AA3F-0BFF954C7612}.Release|Any CPU.Build.0 = Release|Any CPU
	EndGlobalSection
EndGlobal
